
Microsoft Visual Studio Solution File, Format Version 12.00
# Visual Studio Version 17
VisualStudioVersion = 17.4.33403.182
MinimumVisualStudioVersion = 10.0.40219.1
Project("{FAE04EC0-301F-11D3-BF4B-00C04F79EFBC}") = "InsertionSort", "InsertionSort\InsertionSort.csproj", "{4EDBCCF1-E27B-4E21-B707-1E0D4ECFB55A}"
EndProject
Global
	GlobalSection(SolutionConfigurationPlatforms) = preSolution
		Debug|Any CPU = Debug|Any CPU
		Release|Any CPU = Release|Any CPU
	EndGlobalSection
	GlobalSection(ProjectConfigurationPlatforms) = postSolution
		{4EDBCCF1-E27B-4E21-B707-1E0D4ECFB55A}.Debug|Any CPU.ActiveCfg = Debug|Any CPU
		{4EDBCCF1-E27B-4E21-B707-1E0D4ECFB55A}.Debug|Any CPU.Build.0 = Debug|Any CPU
		{4EDBCCF1-E27B-4E21-B707-1E0D4ECFB55A}.Release|Any CPU.ActiveCfg = Release|Any CPU
		{4EDBCCF1-E27B-4E21-B707-1E0D4ECFB55A}.Release|Any CPU.Build.0 = Release|Any CPU
	EndGlobalSection
	GlobalSection(SolutionProperties) = preSolution
		HideSolutionNode = FALSE
	EndGlobalSection
	GlobalSection(ExtensibilityGlobals) = postSolution
		SolutionGuid = {731CC03B-32E7-4FAA-AEDE-0CAA40E79031}
	EndGlobalSection
EndGlobal
